<?xml version="1.0"?>
<Project ToolsVersion="4.0" xmlns="http://schemas.microsoft.com/developer/msbuild/2003">
	<ItemGroup>
		<ClCompile Include="src\ofApp.cpp">
			<Filter>src</Filter>
		</ClCompile>
		<ClCompile Include="src\main.cpp">
			<Filter>src</Filter>
		</ClCompile>
		<ClCompile Include="..\..\..\addons\ofxMultiGLFWWindow\src\ofxMultiGLFWWindow.cpp">
			<Filter>addons\ofxMultiGLFWWindow\src</Filter>
		</ClCompile>
	</ItemGroup>
	<ItemGroup>
		<Filter Include="src">
			<UniqueIdentifier>{d8376475-7454-4a24-b08a-aac121d3ad6f}</UniqueIdentifier>
		</Filter>
		<Filter Include="addons">
			<UniqueIdentifier>{71834F65-F3A9-211E-73B8-DC85}</UniqueIdentifier>
		</Filter>
		<Filter Include="addons\ofxMultiGLFWWindow">
			<UniqueIdentifier>{0F2FE5FB-6C24-969F-8F85-7B38}</UniqueIdentifier>
		</Filter>
		<Filter Include="addons\ofxMultiGLFWWindow\src">
			<UniqueIdentifier>{12E3C296-D6BD-389B-DE15-0D7C}</UniqueIdentifier>
		</Filter>
	</ItemGroup>
	<ItemGroup>
		<ClInclude Include="src\ofApp.h">
			<Filter>src</Filter>
		</ClInclude>
		<ClInclude Include="..\..\..\addons\ofxMultiGLFWWindow\src\ofxMultiGLFWWindow.h">
			<Filter>addons\ofxMultiGLFWWindow\src</Filter>
		</ClInclude>
	</ItemGroup>
	<ItemGroup>
		<ResourceCompile Include="icon.rc" />
	</ItemGroup>
</Project>
